// !$*UTF8*$!
{
	archiveVersion = 1;
	classes = {
	};
	objectVersion = 55;
	objects = {

/* Begin PBXBuildFile section */
		04711D742815270E00613510 /* AppDelegate.swift in Sources */ = {isa = PBXBuildFile; fileRef = 04711D732815270E00613510 /* AppDelegate.swift */; };
		04711D782815270E00613510 /* ViewController.swift in Sources */ = {isa = PBXBuildFile; fileRef = 04711D772815270E00613510 /* ViewController.swift */; };
		04711D7D2815271100613510 /* Assets.xcassets in Resources */ = {isa = PBXBuildFile; fileRef = 04711D7C2815271100613510 /* Assets.xcassets */; };
		04711D802815271100613510 /* LaunchScreen.storyboard in Resources */ = {isa = PBXBuildFile; fileRef = 04711D7E2815271100613510 /* LaunchScreen.storyboard */; };
		04711D89281527B100613510 /* QSToastView.swift in Sources */ = {isa = PBXBuildFile; fileRef = 04711D88281527B100613510 /* QSToastView.swift */; };
		04711D8E281535B400613510 /* UIBezierPath+Qs.swift in Sources */ = {isa = PBXBuildFile; fileRef = 04711D8D281535B300613510 /* UIBezierPath+Qs.swift */; };
		04711D9028154EB300613510 /* QSImageCache.swift in Sources */ = {isa = PBXBuildFile; fileRef = 04711D8F28154EB300613510 /* QSImageCache.swift */; };
		04711D922815575500613510 /* QSAppearance.swift in Sources */ = {isa = PBXBuildFile; fileRef = 04711D912815575500613510 /* QSAppearance.swift */; };
		04B8212C281647EA007D8435 /* QSToastView+animation.swift in Sources */ = {isa = PBXBuildFile; fileRef = 04B8212B281647EA007D8435 /* QSToastView+animation.swift */; };
		04B8212E28164BC7007D8435 /* QSToastTool.swift in Sources */ = {isa = PBXBuildFile; fileRef = 04B8212D28164BC7007D8435 /* QSToastTool.swift */; };
		04B8213028168A00007D8435 /* QSImageView.swift in Sources */ = {isa = PBXBuildFile; fileRef = 04B8212F28168A00007D8435 /* QSImageView.swift */; };
		E4B7524D28158EAB00F21631 /* QSDispatch.swift in Sources */ = {isa = PBXBuildFile; fileRef = E4B7524C28158EAB00F21631 /* QSDispatch.swift */; };
/* End PBXBuildFile section */

/* Begin PBXFileReference section */
		04711D702815270E00613510 /* QSToastView.app */ = {isa = PBXFileReference; explicitFileType = wrapper.application; includeInIndex = 0; path = QSToastView.app; sourceTree = BUILT_PRODUCTS_DIR; };
		04711D732815270E00613510 /* AppDelegate.swift */ = {isa = PBXFileReference; lastKnownFileType = sourcecode.swift; path = AppDelegate.swift; sourceTree = "<group>"; };
		04711D772815270E00613510 /* ViewController.swift */ = {isa = PBXFileReference; lastKnownFileType = sourcecode.swift; path = ViewController.swift; sourceTree = "<group>"; };
		04711D7C2815271100613510 /* Assets.xcassets */ = {isa = PBXFileReference; lastKnownFileType = folder.assetcatalog; path = Assets.xcassets; sourceTree = "<group>"; };
		04711D7F2815271100613510 /* Base */ = {isa = PBXFileReference; lastKnownFileType = file.storyboard; name = Base; path = Base.lproj/LaunchScreen.storyboard; sourceTree = "<group>"; };
		04711D812815271100613510 /* Info.plist */ = {isa = PBXFileReference; lastKnownFileType = text.plist.xml; path = Info.plist; sourceTree = "<group>"; };
		04711D88281527B100613510 /* QSToastView.swift */ = {isa = PBXFileReference; lastKnownFileType = sourcecode.swift; path = QSToastView.swift; sourceTree = "<group>"; };
		04711D8D281535B300613510 /* UIBezierPath+Qs.swift */ = {isa = PBXFileReference; lastKnownFileType = sourcecode.swift; path = "UIBezierPath+Qs.swift"; sourceTree = "<group>"; };
		04711D8F28154EB300613510 /* QSImageCache.swift */ = {isa = PBXFileReference; lastKnownFileType = sourcecode.swift; path = QSImageCache.swift; sourceTree = "<group>"; };
		04711D912815575500613510 /* QSAppearance.swift */ = {isa = PBXFileReference; lastKnownFileType = sourcecode.swift; path = QSAppearance.swift; sourceTree = "<group>"; };
		04B8212B281647EA007D8435 /* QSToastView+animation.swift */ = {isa = PBXFileReference; lastKnownFileType = sourcecode.swift; path = "QSToastView+animation.swift"; sourceTree = "<group>"; };
		04B8212D28164BC7007D8435 /* QSToastTool.swift */ = {isa = PBXFileReference; lastKnownFileType = sourcecode.swift; path = QSToastTool.swift; sourceTree = "<group>"; };
		04B8212F28168A00007D8435 /* QSImageView.swift */ = {isa = PBXFileReference; lastKnownFileType = sourcecode.swift; path = QSImageView.swift; sourceTree = "<group>"; };
		E4B7524C28158EAB00F21631 /* QSDispatch.swift */ = {isa = PBXFileReference; lastKnownFileType = sourcecode.swift; path = QSDispatch.swift; sourceTree = "<group>"; };
/* End PBXFileReference section */

/* Begin PBXFrameworksBuildPhase section */
		04711D6D2815270E00613510 /* Frameworks */ = {
			isa = PBXFrameworksBuildPhase;
			buildActionMask = 2147483647;
			files = (
			);
			runOnlyForDeploymentPostprocessing = 0;
		};
/* End PBXFrameworksBuildPhase section */

/* Begin PBXGroup section */
		04711D672815270E00613510 = {
			isa = PBXGroup;
			children = (
				04711D722815270E00613510 /* QSToastView */,
				04711D712815270E00613510 /* Products */,
			);
			sourceTree = "<group>";
		};
		04711D712815270E00613510 /* Products */ = {
			isa = PBXGroup;
			children = (
				04711D702815270E00613510 /* QSToastView.app */,
			);
			name = Products;
			sourceTree = "<group>";
		};
		04711D722815270E00613510 /* QSToastView */ = {
			isa = PBXGroup;
			children = (
				04711D872815279C00613510 /* View */,
				04711D732815270E00613510 /* AppDelegate.swift */,
				04711D772815270E00613510 /* ViewController.swift */,
				04711D7C2815271100613510 /* Assets.xcassets */,
				04711D7E2815271100613510 /* LaunchScreen.storyboard */,
				04711D812815271100613510 /* Info.plist */,
			);
			path = QSToastView;
			sourceTree = "<group>";
		};
		04711D872815279C00613510 /* View */ = {
			isa = PBXGroup;
			children = (
				04711D88281527B100613510 /* QSToastView.swift */,
				04B8212B281647EA007D8435 /* QSToastView+animation.swift */,
				04711D8D281535B300613510 /* UIBezierPath+Qs.swift */,
				04711D8F28154EB300613510 /* QSImageCache.swift */,
				04711D912815575500613510 /* QSAppearance.swift */,
				E4B7524C28158EAB00F21631 /* QSDispatch.swift */,
				04B8212D28164BC7007D8435 /* QSToastTool.swift */,
				04B8212F28168A00007D8435 /* QSImageView.swift */,
			);
			path = View;
			sourceTree = "<group>";
		};
/* End PBXGroup section */

/* Begin PBXNativeTarget section */
		04711D6F2815270E00613510 /* QSToastView */ = {
			isa = PBXNativeTarget;
			buildConfigurationList = 04711D842815271100613510 /* Build configuration list for PBXNativeTarget "QSToastView" */;
			buildPhases = (
				04711D6C2815270E00613510 /* Sources */,
				04711D6D2815270E00613510 /* Frameworks */,
				04711D6E2815270E00613510 /* Resources */,
			);
			buildRules = (
			);
			dependencies = (
			);
			name = QSToastView;
			productName = QSToastView;
			productReference = 04711D702815270E00613510 /* QSToastView.app */;
			productType = "com.apple.product-type.application";
		};
/* End PBXNativeTarget section */

/* Begin PBXProject section */
		04711D682815270E00613510 /* Project object */ = {
			isa = PBXProject;
			attributes = {
				BuildIndependentTargetsInParallel = 1;
				LastSwiftUpdateCheck = 1330;
				LastUpgradeCheck = 1330;
				TargetAttributes = {
					04711D6F2815270E00613510 = {
						CreatedOnToolsVersion = 13.3;
					};
				};
			};
			buildConfigurationList = 04711D6B2815270E00613510 /* Build configuration list for PBXProject "QSToastView" */;
			compatibilityVersion = "Xcode 13.0";
			developmentRegion = en;
			hasScannedForEncodings = 0;
			knownRegions = (
				en,
				Base,
			);
			mainGroup = 04711D672815270E00613510;
			productRefGroup = 04711D712815270E00613510 /* Products */;
			projectDirPath = "";
			projectRoot = "";
			targets = (
				04711D6F2815270E00613510 /* QSToastView */,
			);
		};
/* End PBXProject section */

/* Begin PBXResourcesBuildPhase section */
		04711D6E2815270E00613510 /* Resources */ = {
			isa = PBXResourcesBuildPhase;
			buildActionMask = 2147483647;
			files = (
				04711D802815271100613510 /* LaunchScreen.storyboard in Resources */,
				04711D7D2815271100613510 /* Assets.xcassets in Resources */,
			);
			runOnlyForDeploymentPostprocessing = 0;
		};
/* End PBXResourcesBuildPhase section */

/* Begin PBXSourcesBuildPhase section */
		04711D6C2815270E00613510 /* Sources */ = {
			isa = PBXSourcesBuildPhase;
			buildActionMask = 2147483647;
			files = (
				04B8212C281647EA007D8435 /* QSToastView+animation.swift in Sources */,
				04B8212E28164BC7007D8435 /* QSToastTool.swift in Sources */,
				04711D9028154EB300613510 /* QSImageCache.swift in Sources */,
				04711D89281527B100613510 /* QSToastView.swift in Sources */,
				04711D782815270E00613510 /* ViewController.swift in Sources */,
				04711D922815575500613510 /* QSAppearance.swift in Sources */,
				E4B7524D28158EAB00F21631 /* QSDispatch.swift in Sources */,
				04711D742815270E00613510 /* AppDelegate.swift in Sources */,
				04B8213028168A00007D8435 /* QSImageView.swift in Sources */,
				04711D8E281535B400613510 /* UIBezierPath+Qs.swift in Sources */,
			);
			runOnlyForDeploymentPostprocessing = 0;
		};
/* End PBXSourcesBuildPhase section */

/* Begin PBXVariantGroup section */
		04711D7E2815271100613510 /* LaunchScreen.storyboard */ = {
			isa = PBXVariantGroup;
			children = (
				04711D7F2815271100613510 /* Base */,
			);
			name = LaunchScreen.storyboard;
			sourceTree = "<group>";
		};
/* End PBXVariantGroup section */

/* Begin XCBuildConfiguration section */
		04711D822815271100613510 /* Debug */ = {
			isa = XCBuildConfiguration;
			buildSettings = {
				ALWAYS_SEARCH_USER_PATHS = NO;
				CLANG_ANALYZER_NONNULL = YES;
				CLANG_ANALYZER_NUMBER_OBJECT_CONVERSION = YES_AGGRESSIVE;
				CLANG_CXX_LANGUAGE_STANDARD = "gnu++17";
				CLANG_ENABLE_MODULES = YES;
				CLANG_ENABLE_OBJC_ARC = YES;
				CLANG_ENABLE_OBJC_WEAK = YES;
				CLANG_WARN_BLOCK_CAPTURE_AUTORELEASING = YES;
				CLANG_WARN_BOOL_CONVERSION = YES;
				CLANG_WARN_COMMA = YES;
				CLANG_WARN_CONSTANT_CONVERSION = YES;
				CLANG_WARN_DEPRECATED_OBJC_IMPLEMENTATIONS = YES;
				CLANG_WARN_DIRECT_OBJC_ISA_USAGE = YES_ERROR;
				CLANG_WARN_DOCUMENTATION_COMMENTS = YES;
				CLANG_WARN_EMPTY_BODY = YES;
				CLANG_WARN_ENUM_CONVERSION = YES;
				CLANG_WARN_INFINITE_RECURSION = YES;
				CLANG_WARN_INT_CONVERSION = YES;
				CLANG_WARN_NON_LITERAL_NULL_CONVERSION = YES;
				CLANG_WARN_OBJC_IMPLICIT_RETAIN_SELF = YES;
				CLANG_WARN_OBJC_LITERAL_CONVERSION = YES;
				CLANG_WARN_OBJC_ROOT_CLASS = YES_ERROR;
				CLANG_WARN_QUOTED_INCLUDE_IN_FRAMEWORK_HEADER = YES;
				CLANG_WARN_RANGE_LOOP_ANALYSIS = YES;
				CLANG_WARN_STRICT_PROTOTYPES = YES;
				CLANG_WARN_SUSPICIOUS_MOVE = YES;
				CLANG_WARN_UNGUARDED_AVAILABILITY = YES_AGGRESSIVE;
				CLANG_WARN_UNREACHABLE_CODE = YES;
				CLANG_WARN__DUPLICATE_METHOD_MATCH = YES;
				COPY_PHASE_STRIP = NO;
				DEBUG_INFORMATION_FORMAT = dwarf;
				ENABLE_STRICT_OBJC_MSGSEND = YES;
				ENABLE_TESTABILITY = YES;
				GCC_C_LANGUAGE_STANDARD = gnu11;
				GCC_DYNAMIC_NO_PIC = NO;
				GCC_NO_COMMON_BLOCKS = YES;
				GCC_OPTIMIZATION_LEVEL = 0;
				GCC_PREPROCESSOR_DEFINITIONS = (
					"DEBUG=1",
					"$(inherited)",
				);
				GCC_WARN_64_TO_32_BIT_CONVERSION = YES;
				GCC_WARN_ABOUT_RETURN_TYPE = YES_ERROR;
				GCC_WARN_UNDECLARED_SELECTOR = YES;
				GCC_WARN_UNINITIALIZED_AUTOS = YES_AGGRESSIVE;
				GCC_WARN_UNUSED_FUNCTION = YES;
				GCC_WARN_UNUSED_VARIABLE = YES;
				IPHONEOS_DEPLOYMENT_TARGET = 15.4;
				MTL_ENABLE_DEBUG_INFO = INCLUDE_SOURCE;
				MTL_FAST_MATH = YES;
				ONLY_ACTIVE_ARCH = YES;
				SDKROOT = iphoneos;
				SWIFT_ACTIVE_COMPILATION_CONDITIONS = DEBUG;
				SWIFT_OPTIMIZATION_LEVEL = "-Onone";
			};
			name = Debug;
		};
		04711D832815271100613510 /* Release */ = {
			isa = XCBuildConfiguration;
			buildSettings = {
				ALWAYS_SEARCH_USER_PATHS = NO;
				CLANG_ANALYZER_NONNULL = YES;
				CLANG_ANALYZER_NUMBER_OBJECT_CONVERSION = YES_AGGRESSIVE;
				CLANG_CXX_LANGUAGE_STANDARD = "gnu++17";
				CLANG_ENABLE_MODULES = YES;
				CLANG_ENABLE_OBJC_ARC = YES;
				CLANG_ENABLE_OBJC_WEAK = YES;
				CLANG_WARN_BLOCK_CAPTURE_AUTORELEASING = YES;
				CLANG_WARN_BOOL_CONVERSION = YES;
				CLANG_WARN_COMMA = YES;
				CLANG_WARN_CONSTANT_CONVERSION = YES;
				CLANG_WARN_DEPRECATED_OBJC_IMPLEMENTATIONS = YES;
				CLANG_WARN_DIRECT_OBJC_ISA_USAGE = YES_ERROR;
				CLANG_WARN_DOCUMENTATION_COMMENTS = YES;
				CLANG_WARN_EMPTY_BODY = YES;
				CLANG_WARN_ENUM_CONVERSION = YES;
				CLANG_WARN_INFINITE_RECURSION = YES;
				CLANG_WARN_INT_CONVERSION = YES;
				CLANG_WARN_NON_LITERAL_NULL_CONVERSION = YES;
				CLANG_WARN_OBJC_IMPLICIT_RETAIN_SELF = YES;
				CLANG_WARN_OBJC_LITERAL_CONVERSION = YES;
				CLANG_WARN_OBJC_ROOT_CLASS = YES_ERROR;
				CLANG_WARN_QUOTED_INCLUDE_IN_FRAMEWORK_HEADER = YES;
				CLANG_WARN_RANGE_LOOP_ANALYSIS = YES;
				CLANG_WARN_STRICT_PROTOTYPES = YES;
				CLANG_WARN_SUSPICIOUS_MOVE = YES;
				CLANG_WARN_UNGUARDED_AVAILABILITY = YES_AGGRESSIVE;
				CLANG_WARN_UNREACHABLE_CODE = YES;
				CLANG_WARN__DUPLICATE_METHOD_MATCH = YES;
				COPY_PHASE_STRIP = NO;
				DEBUG_INFORMATION_FORMAT = "dwarf-with-dsym";
				ENABLE_NS_ASSERTIONS = NO;
				ENABLE_STRICT_OBJC_MSGSEND = YES;
				GCC_C_LANGUAGE_STANDARD = gnu11;
				GCC_NO_COMMON_BLOCKS = YES;
				GCC_WARN_64_TO_32_BIT_CONVERSION = YES;
				GCC_WARN_ABOUT_RETURN_TYPE = YES_ERROR;
				GCC_WARN_UNDECLARED_SELECTOR = YES;
				GCC_WARN_UNINITIALIZED_AUTOS = YES_AGGRESSIVE;
				GCC_WARN_UNUSED_FUNCTION = YES;
				GCC_WARN_UNUSED_VARIABLE = YES;
				IPHONEOS_DEPLOYMENT_TARGET = 15.4;
				MTL_ENABLE_DEBUG_INFO = NO;
				MTL_FAST_MATH = YES;
				SDKROOT = iphoneos;
				SWIFT_COMPILATION_MODE = wholemodule;
				SWIFT_OPTIMIZATION_LEVEL = "-O";
				VALIDATE_PRODUCT = YES;
			};
			name = Release;
		};
		04711D852815271100613510 /* Debug */ = {
			isa = XCBuildConfiguration;
			buildSettings = {
				ASSETCATALOG_COMPILER_APPICON_NAME = AppIcon;
				ASSETCATALOG_COMPILER_GLOBAL_ACCENT_COLOR_NAME = AccentColor;
				CODE_SIGN_STYLE = Automatic;
				CURRENT_PROJECT_VERSION = 1;
				DEVELOPMENT_TEAM = 8SHSWUNCN7;
				GENERATE_INFOPLIST_FILE = YES;
				INFOPLIST_FILE = QSToastView/Info.plist;
				INFOPLIST_KEY_UIApplicationSupportsIndirectInputEvents = YES;
				INFOPLIST_KEY_UILaunchStoryboardName = LaunchScreen;
				INFOPLIST_KEY_UISupportedInterfaceOrientations_iPad = "UIInterfaceOrientationPortrait UIInterfaceOrientationPortraitUpsideDown UIInterfaceOrientationLandscapeLeft UIInterfaceOrientationLandscapeRight";
				INFOPLIST_KEY_UISupportedInterfaceOrientations_iPhone = "UIInterfaceOrientationPortrait UIInterfaceOrientationLandscapeLeft UIInterfaceOrientationLandscapeRight";
				IPHONEOS_DEPLOYMENT_TARGET = 9.0;
				LD_RUNPATH_SEARCH_PATHS = (
					"$(inherited)",
					"@executable_path/Frameworks",
				);
				MARKETING_VERSION = 1.0.1;
				PRODUCT_BUNDLE_IDENTIFIER = aaa.QSToastView;
				PRODUCT_NAME = "$(TARGET_NAME)";
				SWIFT_EMIT_LOC_STRINGS = YES;
				SWIFT_VERSION = 5.0;
				TARGETED_DEVICE_FAMILY = "1,2";
			};
			name = Debug;
		};
		04711D862815271100613510 /* Release */ = {
			isa = XCBuildConfiguration;
			buildSettings = {
				ASSETCATALOG_COMPILER_APPICON_NAME = AppIcon;
				ASSETCATALOG_COMPILER_GLOBAL_ACCENT_COLOR_NAME = AccentColor;
				CODE_SIGN_STYLE = Automatic;
				CURRENT_PROJECT_VERSION = 1;
				DEVELOPMENT_TEAM = 8SHSWUNCN7;
				GENERATE_INFOPLIST_FILE = YES;
				INFOPLIST_FILE = QSToastView/Info.plist;
				INFOPLIST_KEY_UIApplicationSupportsIndirectInputEvents = YES;
				INFOPLIST_KEY_UILaunchStoryboardName = LaunchScreen;
				INFOPLIST_KEY_UISupportedInterfaceOrientations_iPad = "UIInterfaceOrientationPortrait UIInterfaceOrientationPortraitUpsideDown UIInterfaceOrientationLandscapeLeft UIInterfaceOrientationLandscapeRight";
				INFOPLIST_KEY_UISupportedInterfaceOrientations_iPhone = "UIInterfaceOrientationPortrait UIInterfaceOrientationLandscapeLeft UIInterfaceOrientationLandscapeRight";
				IPHONEOS_DEPLOYMENT_TARGET = 9.0;
				LD_RUNPATH_SEARCH_PATHS = (
					"$(inherited)",
					"@executable_path/Frameworks",
				);
				MARKETING_VERSION = 1.0.1;
				PRODUCT_BUNDLE_IDENTIFIER = aaa.QSToastView;
				PRODUCT_NAME = "$(TARGET_NAME)";
				SWIFT_EMIT_LOC_STRINGS = YES;
				SWIFT_VERSION = 5.0;
				TARGETED_DEVICE_FAMILY = "1,2";
			};
			name = Release;
		};
/* End XCBuildConfiguration section */

/* Begin XCConfigurationList section */
		04711D6B2815270E00613510 /* Build configuration list for PBXProject "QSToastView" */ = {
			isa = XCConfigurationList;
			buildConfigurations = (
				04711D822815271100613510 /* Debug */,
				04711D832815271100613510 /* Release */,
			);
			defaultConfigurationIsVisible = 0;
			defaultConfigurationName = Release;
		};
		04711D842815271100613510 /* Build configuration list for PBXNativeTarget "QSToastView" */ = {
			isa = XCConfigurationList;
			buildConfigurations = (
				04711D852815271100613510 /* Debug */,
				04711D862815271100613510 /* Release */,
			);
			defaultConfigurationIsVisible = 0;
			defaultConfigurationName = Release;
		};
/* End XCConfigurationList section */
	};
	rootObject = 04711D682815270E00613510 /* Project object */;
}
